github.com/coreos/etcd v3.3.10+incompatible h1:KjVWqrZ5U0wa3CxY2AxlH6/UcB+PK2td1DcsYhA+HRs=
github.com/coreos/etcd v3.3.10+incompatible/go.mod h1:uF7uidLiAD3TWHmW31ZFd/JWoc32PjwdhPthX9715RE=
github.com/coreos/go-semver v0.2.0 h1:3Jm3tLmsgAYcjC+4Up7hJrFBPr+n7rAqYeSw/SZazuY=
github.com/coreos/go-semver v0.2.0/go.mod h1:nnelYz7RCh+5ahJtPPxZlU+153eP4D4r3EedlOD2RNk=
github.com/etcd-io/etcd v3.3.10+incompatible h1:lYhMO66oAbAts/SFwnN0s6IwCTL3cDt/F2z3r/ZC0AE=
github.com/etcd-io/etcd v3.3.10+incompatible/go.mod h1:cdZ77EstHBwVtD6iTgzgvogwcjo9m4iOqoijouPJ4bs=
github.com/ugorji/go/codec v0.0.0-20181120210156-7d13b37dbec6 h1:ZSV1yi8IjgkltBvmEZsGJnITjCQzwzgTRTueWNTOBVM=
github.com/ugorji/go/codec v0.0.0-20181120210156-7d13b37dbec6/go.mod h1:VFNgLljTbGfSG7qAOspJ7OScBnGdDN/yBr0sguwnwf0=
